// !$*UTF8*$!
{
	archiveVersion = 1;
	classes = {
	};
	objectVersion = 46;
	objects = {

/* Begin PBXBuildFile section */
		C87D2E821DC1BB1A0054A68A /* FirstTableViewController.swift in Sources */ = {isa = PBXBuildFile; fileRef = C87D2E811DC1BB1A0054A68A /* FirstTableViewController.swift */; };
		C87D2E841DC1C5770054A68A /* HobbyTableCell.xib in Resources */ = {isa = PBXBuildFile; fileRef = C87D2E831DC1C5770054A68A /* HobbyTableCell.xib */; };
		C87D2E861DC1C7090054A68A /* HobbyTableCell.swift in Sources */ = {isa = PBXBuildFile; fileRef = C87D2E851DC1C7090054A68A /* HobbyTableCell.swift */; };
		C87D2E881DC1CAFB0054A68A /* HobbyTableViewController.swift in Sources */ = {isa = PBXBuildFile; fileRef = C87D2E871DC1CAFB0054A68A /* HobbyTableViewController.swift */; };
		C8C469991DD440120008C8FD /* HobbyData.swift in Sources */ = {isa = PBXBuildFile; fileRef = C8C469981DD440120008C8FD /* HobbyData.swift */; };
		C8C4699B1DD447520008C8FD /* HobbyCategory.swift in Sources */ = {isa = PBXBuildFile; fileRef = C8C4699A1DD447520008C8FD /* HobbyCategory.swift */; };
		CF1904D91D1BA82000D555BD /* harinezumi.jpeg in Resources */ = {isa = PBXBuildFile; fileRef = CF1904D81D1BA82000D555BD /* harinezumi.jpeg */; };
		CF40F9FB1D2E26AF0069AE54 /* email-ico.png in Resources */ = {isa = PBXBuildFile; fileRef = CF40F9F91D2E26AF0069AE54 /* email-ico.png */; };
		CF40F9FC1D2E26AF0069AE54 /* xcode.png in Resources */ = {isa = PBXBuildFile; fileRef = CF40F9FA1D2E26AF0069AE54 /* xcode.png */; };
		CF40F9FE1D2E35940069AE54 /* SecondViewController.swift in Sources */ = {isa = PBXBuildFile; fileRef = CF40F9FD1D2E35940069AE54 /* SecondViewController.swift */; };
		CF438C3B1D00134B00FDC42C /* imgbtn2.png in Resources */ = {isa = PBXBuildFile; fileRef = CF438C3A1D00134B00FDC42C /* imgbtn2.png */; };
		CF8A772D1CFFEC7A0099229D /* AppDelegate.swift in Sources */ = {isa = PBXBuildFile; fileRef = CF8A772C1CFFEC7A0099229D /* AppDelegate.swift */; };
		CF8A772F1CFFEC7A0099229D /* ViewController.swift in Sources */ = {isa = PBXBuildFile; fileRef = CF8A772E1CFFEC7A0099229D /* ViewController.swift */; };
		CF8A77321CFFEC7A0099229D /* Main.storyboard in Resources */ = {isa = PBXBuildFile; fileRef = CF8A77301CFFEC7A0099229D /* Main.storyboard */; };
		CF8A77341CFFEC7A0099229D /* Assets.xcassets in Resources */ = {isa = PBXBuildFile; fileRef = CF8A77331CFFEC7A0099229D /* Assets.xcassets */; };
		CF8A77371CFFEC7A0099229D /* LaunchScreen.storyboard in Resources */ = {isa = PBXBuildFile; fileRef = CF8A77351CFFEC7A0099229D /* LaunchScreen.storyboard */; };
		CF9CC60E1DA6243300D411D1 /* ScrollTestViewController.swift in Sources */ = {isa = PBXBuildFile; fileRef = CF9CC60D1DA6243300D411D1 /* ScrollTestViewController.swift */; };
		CF9CC6131DA6256D00D411D1 /* 2.png in Resources */ = {isa = PBXBuildFile; fileRef = CF9CC60F1DA6256D00D411D1 /* 2.png */; };
		CF9CC6141DA6256D00D411D1 /* 3.png in Resources */ = {isa = PBXBuildFile; fileRef = CF9CC6101DA6256D00D411D1 /* 3.png */; };
		CF9CC6151DA6256D00D411D1 /* 4.png in Resources */ = {isa = PBXBuildFile; fileRef = CF9CC6111DA6256D00D411D1 /* 4.png */; };
		CF9CC6161DA6256D00D411D1 /* 1.png in Resources */ = {isa = PBXBuildFile; fileRef = CF9CC6121DA6256D00D411D1 /* 1.png */; };
		CFA42F4F1CFFF92300DF3ED4 /* imgbtn1.png in Resources */ = {isa = PBXBuildFile; fileRef = CFA42F4E1CFFF92300DF3ED4 /* imgbtn1.png */; };
		CFF27BD91DE6B7C900DAB5F6 /* PageViewController.swift in Sources */ = {isa = PBXBuildFile; fileRef = CFF27BD81DE6B7C900DAB5F6 /* PageViewController.swift */; };
		CFF27BDB1DE6B81E00DAB5F6 /* APageViewController.swift in Sources */ = {isa = PBXBuildFile; fileRef = CFF27BDA1DE6B81E00DAB5F6 /* APageViewController.swift */; };
		CFF27BDD1DE6B85400DAB5F6 /* BPageViewController.swift in Sources */ = {isa = PBXBuildFile; fileRef = CFF27BDC1DE6B85400DAB5F6 /* BPageViewController.swift */; };
		CFF27BDF1DE6B88300DAB5F6 /* CPageViewController.swift in Sources */ = {isa = PBXBuildFile; fileRef = CFF27BDE1DE6B88300DAB5F6 /* CPageViewController.swift */; };
/* End PBXBuildFile section */

/* Begin PBXFileReference section */
		C87D2E811DC1BB1A0054A68A /* FirstTableViewController.swift */ = {isa = PBXFileReference; fileEncoding = 4; lastKnownFileType = sourcecode.swift; path = FirstTableViewController.swift; sourceTree = "<group>"; };
		C87D2E831DC1C5770054A68A /* HobbyTableCell.xib */ = {isa = PBXFileReference; fileEncoding = 4; lastKnownFileType = file.xib; path = HobbyTableCell.xib; sourceTree = "<group>"; };
		C87D2E851DC1C7090054A68A /* HobbyTableCell.swift */ = {isa = PBXFileReference; fileEncoding = 4; lastKnownFileType = sourcecode.swift; path = HobbyTableCell.swift; sourceTree = "<group>"; };
		C87D2E871DC1CAFB0054A68A /* HobbyTableViewController.swift */ = {isa = PBXFileReference; fileEncoding = 4; lastKnownFileType = sourcecode.swift; path = HobbyTableViewController.swift; sourceTree = "<group>"; };
		C8C469981DD440120008C8FD /* HobbyData.swift */ = {isa = PBXFileReference; fileEncoding = 4; lastKnownFileType = sourcecode.swift; path = HobbyData.swift; sourceTree = "<group>"; };
		C8C4699A1DD447520008C8FD /* HobbyCategory.swift */ = {isa = PBXFileReference; fileEncoding = 4; lastKnownFileType = sourcecode.swift; path = HobbyCategory.swift; sourceTree = "<group>"; };
		CF1904D81D1BA82000D555BD /* harinezumi.jpeg */ = {isa = PBXFileReference; lastKnownFileType = image.jpeg; path = harinezumi.jpeg; sourceTree = "<group>"; };
		CF40F9F91D2E26AF0069AE54 /* email-ico.png */ = {isa = PBXFileReference; lastKnownFileType = image.png; path = "email-ico.png"; sourceTree = "<group>"; };
		CF40F9FA1D2E26AF0069AE54 /* xcode.png */ = {isa = PBXFileReference; lastKnownFileType = image.png; path = xcode.png; sourceTree = "<group>"; };
		CF40F9FD1D2E35940069AE54 /* SecondViewController.swift */ = {isa = PBXFileReference; fileEncoding = 4; lastKnownFileType = sourcecode.swift; path = SecondViewController.swift; sourceTree = "<group>"; };
		CF438C3A1D00134B00FDC42C /* imgbtn2.png */ = {isa = PBXFileReference; lastKnownFileType = image.png; path = imgbtn2.png; sourceTree = "<group>"; };
		CF8A77291CFFEC7A0099229D /* UILesson.app */ = {isa = PBXFileReference; explicitFileType = wrapper.application; includeInIndex = 0; path = UILesson.app; sourceTree = BUILT_PRODUCTS_DIR; };
		CF8A772C1CFFEC7A0099229D /* AppDelegate.swift */ = {isa = PBXFileReference; lastKnownFileType = sourcecode.swift; path = AppDelegate.swift; sourceTree = "<group>"; };
		CF8A772E1CFFEC7A0099229D /* ViewController.swift */ = {isa = PBXFileReference; lastKnownFileType = sourcecode.swift; path = ViewController.swift; sourceTree = "<group>"; };
		CF8A77311CFFEC7A0099229D /* Base */ = {isa = PBXFileReference; lastKnownFileType = file.storyboard; name = Base; path = Base.lproj/Main.storyboard; sourceTree = "<group>"; };
		CF8A77331CFFEC7A0099229D /* Assets.xcassets */ = {isa = PBXFileReference; lastKnownFileType = folder.assetcatalog; path = Assets.xcassets; sourceTree = "<group>"; };
		CF8A77361CFFEC7A0099229D /* Base */ = {isa = PBXFileReference; lastKnownFileType = file.storyboard; name = Base; path = Base.lproj/LaunchScreen.storyboard; sourceTree = "<group>"; };
		CF8A77381CFFEC7A0099229D /* Info.plist */ = {isa = PBXFileReference; lastKnownFileType = text.plist.xml; path = Info.plist; sourceTree = "<group>"; };
		CF9CC60D1DA6243300D411D1 /* ScrollTestViewController.swift */ = {isa = PBXFileReference; fileEncoding = 4; lastKnownFileType = sourcecode.swift; path = ScrollTestViewController.swift; sourceTree = "<group>"; };
		CF9CC60F1DA6256D00D411D1 /* 2.png */ = {isa = PBXFileReference; lastKnownFileType = image.png; path = 2.png; sourceTree = "<group>"; };
		CF9CC6101DA6256D00D411D1 /* 3.png */ = {isa = PBXFileReference; lastKnownFileType = image.png; path = 3.png; sourceTree = "<group>"; };
		CF9CC6111DA6256D00D411D1 /* 4.png */ = {isa = PBXFileReference; lastKnownFileType = image.png; path = 4.png; sourceTree = "<group>"; };
		CF9CC6121DA6256D00D411D1 /* 1.png */ = {isa = PBXFileReference; lastKnownFileType = image.png; path = 1.png; sourceTree = "<group>"; };
		CFA42F4E1CFFF92300DF3ED4 /* imgbtn1.png */ = {isa = PBXFileReference; lastKnownFileType = image.png; path = imgbtn1.png; sourceTree = "<group>"; };
		CFF27BD81DE6B7C900DAB5F6 /* PageViewController.swift */ = {isa = PBXFileReference; fileEncoding = 4; lastKnownFileType = sourcecode.swift; path = PageViewController.swift; sourceTree = "<group>"; };
		CFF27BDA1DE6B81E00DAB5F6 /* APageViewController.swift */ = {isa = PBXFileReference; fileEncoding = 4; lastKnownFileType = sourcecode.swift; path = APageViewController.swift; sourceTree = "<group>"; };
		CFF27BDC1DE6B85400DAB5F6 /* BPageViewController.swift */ = {isa = PBXFileReference; fileEncoding = 4; lastKnownFileType = sourcecode.swift; path = BPageViewController.swift; sourceTree = "<group>"; };
		CFF27BDE1DE6B88300DAB5F6 /* CPageViewController.swift */ = {isa = PBXFileReference; fileEncoding = 4; lastKnownFileType = sourcecode.swift; path = CPageViewController.swift; sourceTree = "<group>"; };
/* End PBXFileReference section */

/* Begin PBXFrameworksBuildPhase section */
		CF8A77261CFFEC7A0099229D /* Frameworks */ = {
			isa = PBXFrameworksBuildPhase;
			buildActionMask = 2147483647;
			files = (
			);
			runOnlyForDeploymentPostprocessing = 0;
		};
/* End PBXFrameworksBuildPhase section */

/* Begin PBXGroup section */
		CF8A77201CFFEC7A0099229D = {
			isa = PBXGroup;
			children = (
				CF8A772B1CFFEC7A0099229D /* UILesson */,
				CF8A772A1CFFEC7A0099229D /* Products */,
			);
			sourceTree = "<group>";
		};
		CF8A772A1CFFEC7A0099229D /* Products */ = {
			isa = PBXGroup;
			children = (
				CF8A77291CFFEC7A0099229D /* UILesson.app */,
			);
			name = Products;
			sourceTree = "<group>";
		};
		CF8A772B1CFFEC7A0099229D /* UILesson */ = {
			isa = PBXGroup;
			children = (
				CF8A772C1CFFEC7A0099229D /* AppDelegate.swift */,
				CF9CC60D1DA6243300D411D1 /* ScrollTestViewController.swift */,
				CF8A772E1CFFEC7A0099229D /* ViewController.swift */,
				CF40F9FD1D2E35940069AE54 /* SecondViewController.swift */,
				CF8A77301CFFEC7A0099229D /* Main.storyboard */,
				CFA42F4E1CFFF92300DF3ED4 /* imgbtn1.png */,
				CF438C3A1D00134B00FDC42C /* imgbtn2.png */,
				CF40F9F91D2E26AF0069AE54 /* email-ico.png */,
				CF40F9FA1D2E26AF0069AE54 /* xcode.png */,
				CF9CC60F1DA6256D00D411D1 /* 2.png */,
				CF9CC6101DA6256D00D411D1 /* 3.png */,
				CF9CC6111DA6256D00D411D1 /* 4.png */,
				CF9CC6121DA6256D00D411D1 /* 1.png */,
				CF1904D81D1BA82000D555BD /* harinezumi.jpeg */,
				CF8A77331CFFEC7A0099229D /* Assets.xcassets */,
				CF8A77351CFFEC7A0099229D /* LaunchScreen.storyboard */,
				CF8A77381CFFEC7A0099229D /* Info.plist */,
				C87D2E811DC1BB1A0054A68A /* FirstTableViewController.swift */,
				C87D2E831DC1C5770054A68A /* HobbyTableCell.xib */,
				C87D2E851DC1C7090054A68A /* HobbyTableCell.swift */,
				C87D2E871DC1CAFB0054A68A /* HobbyTableViewController.swift */,
				C8C469981DD440120008C8FD /* HobbyData.swift */,
				C8C4699A1DD447520008C8FD /* HobbyCategory.swift */,
				CFF27BD81DE6B7C900DAB5F6 /* PageViewController.swift */,
				CFF27BDA1DE6B81E00DAB5F6 /* APageViewController.swift */,
				CFF27BDC1DE6B85400DAB5F6 /* BPageViewController.swift */,
				CFF27BDE1DE6B88300DAB5F6 /* CPageViewController.swift */,
			);
			path = UILesson;
			sourceTree = "<group>";
		};
/* End PBXGroup section */

/* Begin PBXNativeTarget section */
		CF8A77281CFFEC7A0099229D /* UILesson */ = {
			isa = PBXNativeTarget;
			buildConfigurationList = CF8A773B1CFFEC7A0099229D /* Build configuration list for PBXNativeTarget "UILesson" */;
			buildPhases = (
				CF8A77251CFFEC7A0099229D /* Sources */,
				CF8A77261CFFEC7A0099229D /* Frameworks */,
				CF8A77271CFFEC7A0099229D /* Resources */,
			);
			buildRules = (
			);
			dependencies = (
			);
			name = UILesson;
			productName = UILesson;
			productReference = CF8A77291CFFEC7A0099229D /* UILesson.app */;
			productType = "com.apple.product-type.application";
		};
/* End PBXNativeTarget section */

/* Begin PBXProject section */
		CF8A77211CFFEC7A0099229D /* Project object */ = {
			isa = PBXProject;
			attributes = {
				LastSwiftUpdateCheck = 0730;
				LastUpgradeCheck = 0730;
				ORGANIZATIONNAME = okunobu.ncp.jp;
				TargetAttributes = {
					CF8A77281CFFEC7A0099229D = {
						CreatedOnToolsVersion = 7.3.1;
						DevelopmentTeam = 27A3T5R2AZ;
					};
				};
			};
			buildConfigurationList = CF8A77241CFFEC7A0099229D /* Build configuration list for PBXProject "UILesson" */;
			compatibilityVersion = "Xcode 3.2";
			developmentRegion = English;
			hasScannedForEncodings = 0;
			knownRegions = (
				en,
				Base,
			);
			mainGroup = CF8A77201CFFEC7A0099229D;
			productRefGroup = CF8A772A1CFFEC7A0099229D /* Products */;
			projectDirPath = "";
			projectRoot = "";
			targets = (
				CF8A77281CFFEC7A0099229D /* UILesson */,
			);
		};
/* End PBXProject section */

/* Begin PBXResourcesBuildPhase section */
		CF8A77271CFFEC7A0099229D /* Resources */ = {
			isa = PBXResourcesBuildPhase;
			buildActionMask = 2147483647;
			files = (
				CF9CC6151DA6256D00D411D1 /* 4.png in Resources */,
				CFA42F4F1CFFF92300DF3ED4 /* imgbtn1.png in Resources */,
				CF40F9FB1D2E26AF0069AE54 /* email-ico.png in Resources */,
				CF1904D91D1BA82000D555BD /* harinezumi.jpeg in Resources */,
				C87D2E841DC1C5770054A68A /* HobbyTableCell.xib in Resources */,
				CF8A77371CFFEC7A0099229D /* LaunchScreen.storyboard in Resources */,
				CF8A77341CFFEC7A0099229D /* Assets.xcassets in Resources */,
				CF9CC6141DA6256D00D411D1 /* 3.png in Resources */,
				CF438C3B1D00134B00FDC42C /* imgbtn2.png in Resources */,
				CF9CC6131DA6256D00D411D1 /* 2.png in Resources */,
				CF9CC6161DA6256D00D411D1 /* 1.png in Resources */,
				CF8A77321CFFEC7A0099229D /* Main.storyboard in Resources */,
				CF40F9FC1D2E26AF0069AE54 /* xcode.png in Resources */,
			);
			runOnlyForDeploymentPostprocessing = 0;
		};
/* End PBXResourcesBuildPhase section */

/* Begin PBXSourcesBuildPhase section */
		CF8A77251CFFEC7A0099229D /* Sources */ = {
			isa = PBXSourcesBuildPhase;
			buildActionMask = 2147483647;
			files = (
				C8C4699B1DD447520008C8FD /* HobbyCategory.swift in Sources */,
				CFF27BDB1DE6B81E00DAB5F6 /* APageViewController.swift in Sources */,
				CFF27BD91DE6B7C900DAB5F6 /* PageViewController.swift in Sources */,
				C8C469991DD440120008C8FD /* HobbyData.swift in Sources */,
				C87D2E881DC1CAFB0054A68A /* HobbyTableViewController.swift in Sources */,
				CF40F9FE1D2E35940069AE54 /* SecondViewController.swift in Sources */,
				CFF27BDD1DE6B85400DAB5F6 /* BPageViewController.swift in Sources */,
				CFF27BDF1DE6B88300DAB5F6 /* CPageViewController.swift in Sources */,
				CF8A772F1CFFEC7A0099229D /* ViewController.swift in Sources */,
				CF8A772D1CFFEC7A0099229D /* AppDelegate.swift in Sources */,
				CF9CC60E1DA6243300D411D1 /* ScrollTestViewController.swift in Sources */,
				C87D2E821DC1BB1A0054A68A /* FirstTableViewController.swift in Sources */,
				C87D2E861DC1C7090054A68A /* HobbyTableCell.swift in Sources */,
			);
			runOnlyForDeploymentPostprocessing = 0;
		};
/* End PBXSourcesBuildPhase section */

/* Begin PBXVariantGroup section */
		CF8A77301CFFEC7A0099229D /* Main.storyboard */ = {
			isa = PBXVariantGroup;
			children = (
				CF8A77311CFFEC7A0099229D /* Base */,
			);
			name = Main.storyboard;
			sourceTree = "<group>";
		};
		CF8A77351CFFEC7A0099229D /* LaunchScreen.storyboard */ = {
			isa = PBXVariantGroup;
			children = (
				CF8A77361CFFEC7A0099229D /* Base */,
			);
			name = LaunchScreen.storyboard;
			sourceTree = "<group>";
		};
/* End PBXVariantGroup section */

/* Begin XCBuildConfiguration section */
		CF8A77391CFFEC7A0099229D /* Debug */ = {
			isa = XCBuildConfiguration;
			buildSettings = {
				ALWAYS_SEARCH_USER_PATHS = NO;
				CLANG_ANALYZER_NONNULL = YES;
				CLANG_CXX_LANGUAGE_STANDARD = "gnu++0x";
				CLANG_CXX_LIBRARY = "libc++";
				CLANG_ENABLE_MODULES = YES;
				CLANG_ENABLE_OBJC_ARC = YES;
				CLANG_WARN_BOOL_CONVERSION = YES;
				CLANG_WARN_CONSTANT_CONVERSION = YES;
				CLANG_WARN_DIRECT_OBJC_ISA_USAGE = YES_ERROR;
				CLANG_WARN_EMPTY_BODY = YES;
				CLANG_WARN_ENUM_CONVERSION = YES;
				CLANG_WARN_INT_CONVERSION = YES;
				CLANG_WARN_OBJC_ROOT_CLASS = YES_ERROR;
				CLANG_WARN_UNREACHABLE_CODE = YES;
				CLANG_WARN__DUPLICATE_METHOD_MATCH = YES;
				"CODE_SIGN_IDENTITY[sdk=iphoneos*]" = "iPhone Developer";
				COPY_PHASE_STRIP = NO;
				DEBUG_INFORMATION_FORMAT = dwarf;
				ENABLE_STRICT_OBJC_MSGSEND = YES;
				ENABLE_TESTABILITY = YES;
				GCC_C_LANGUAGE_STANDARD = gnu99;
				GCC_DYNAMIC_NO_PIC = NO;
				GCC_NO_COMMON_BLOCKS = YES;
				GCC_OPTIMIZATION_LEVEL = 0;
				GCC_PREPROCESSOR_DEFINITIONS = (
					"DEBUG=1",
					"$(inherited)",
				);
				GCC_WARN_64_TO_32_BIT_CONVERSION = YES;
				GCC_WARN_ABOUT_RETURN_TYPE = YES_ERROR;
				GCC_WARN_UNDECLARED_SELECTOR = YES;
				GCC_WARN_UNINITIALIZED_AUTOS = YES_AGGRESSIVE;
				GCC_WARN_UNUSED_FUNCTION = YES;
				GCC_WARN_UNUSED_VARIABLE = YES;
				IPHONEOS_DEPLOYMENT_TARGET = 9.3;
				MTL_ENABLE_DEBUG_INFO = YES;
				ONLY_ACTIVE_ARCH = YES;
				SDKROOT = iphoneos;
				SWIFT_OPTIMIZATION_LEVEL = "-Onone";
			};
			name = Debug;
		};
		CF8A773A1CFFEC7A0099229D /* Release */ = {
			isa = XCBuildConfiguration;
			buildSettings = {
				ALWAYS_SEARCH_USER_PATHS = NO;
				CLANG_ANALYZER_NONNULL = YES;
				CLANG_CXX_LANGUAGE_STANDARD = "gnu++0x";
				CLANG_CXX_LIBRARY = "libc++";
				CLANG_ENABLE_MODULES = YES;
				CLANG_ENABLE_OBJC_ARC = YES;
				CLANG_WARN_BOOL_CONVERSION = YES;
				CLANG_WARN_CONSTANT_CONVERSION = YES;
				CLANG_WARN_DIRECT_OBJC_ISA_USAGE = YES_ERROR;
				CLANG_WARN_EMPTY_BODY = YES;
				CLANG_WARN_ENUM_CONVERSION = YES;
				CLANG_WARN_INT_CONVERSION = YES;
				CLANG_WARN_OBJC_ROOT_CLASS = YES_ERROR;
				CLANG_WARN_UNREACHABLE_CODE = YES;
				CLANG_WARN__DUPLICATE_METHOD_MATCH = YES;
				"CODE_SIGN_IDENTITY[sdk=iphoneos*]" = "iPhone Developer";
				COPY_PHASE_STRIP = NO;
				DEBUG_INFORMATION_FORMAT = "dwarf-with-dsym";
				ENABLE_NS_ASSERTIONS = NO;
				ENABLE_STRICT_OBJC_MSGSEND = YES;
				GCC_C_LANGUAGE_STANDARD = gnu99;
				GCC_NO_COMMON_BLOCKS = YES;
				GCC_WARN_64_TO_32_BIT_CONVERSION = YES;
				GCC_WARN_ABOUT_RETURN_TYPE = YES_ERROR;
				GCC_WARN_UNDECLARED_SELECTOR = YES;
				GCC_WARN_UNINITIALIZED_AUTOS = YES_AGGRESSIVE;
				GCC_WARN_UNUSED_FUNCTION = YES;
				GCC_WARN_UNUSED_VARIABLE = YES;
				IPHONEOS_DEPLOYMENT_TARGET = 9.3;
				MTL_ENABLE_DEBUG_INFO = NO;
				SDKROOT = iphoneos;
				VALIDATE_PRODUCT = YES;
			};
			name = Release;
		};
		CF8A773C1CFFEC7A0099229D /* Debug */ = {
			isa = XCBuildConfiguration;
			buildSettings = {
				ASSETCATALOG_COMPILER_APPICON_NAME = AppIcon;
				CODE_SIGN_IDENTITY = "iPhone Developer";
				INFOPLIST_FILE = UILesson/Info.plist;
				LD_RUNPATH_SEARCH_PATHS = "$(inherited) @executable_path/Frameworks";
				PRODUCT_BUNDLE_IDENTIFIER = okunobu.ncp.jp.UILesson;
				PRODUCT_NAME = "$(TARGET_NAME)";
			};
			name = Debug;
		};
		CF8A773D1CFFEC7A0099229D /* Release */ = {
			isa = XCBuildConfiguration;
			buildSettings = {
				ASSETCATALOG_COMPILER_APPICON_NAME = AppIcon;
				CODE_SIGN_IDENTITY = "iPhone Developer";
				INFOPLIST_FILE = UILesson/Info.plist;
				LD_RUNPATH_SEARCH_PATHS = "$(inherited) @executable_path/Frameworks";
				PRODUCT_BUNDLE_IDENTIFIER = okunobu.ncp.jp.UILesson;
				PRODUCT_NAME = "$(TARGET_NAME)";
			};
			name = Release;
		};
/* End XCBuildConfiguration section */

/* Begin XCConfigurationList section */
		CF8A77241CFFEC7A0099229D /* Build configuration list for PBXProject "UILesson" */ = {
			isa = XCConfigurationList;
			buildConfigurations = (
				CF8A77391CFFEC7A0099229D /* Debug */,
				CF8A773A1CFFEC7A0099229D /* Release */,
			);
			defaultConfigurationIsVisible = 0;
			defaultConfigurationName = Release;
		};
		CF8A773B1CFFEC7A0099229D /* Build configuration list for PBXNativeTarget "UILesson" */ = {
			isa = XCConfigurationList;
			buildConfigurations = (
				CF8A773C1CFFEC7A0099229D /* Debug */,
				CF8A773D1CFFEC7A0099229D /* Release */,
			);
			defaultConfigurationIsVisible = 0;
			defaultConfigurationName = Release;
		};
/* End XCConfigurationList section */
	};
	rootObject = CF8A77211CFFEC7A0099229D /* Project object */;
}
